// !$*UTF8*$!
{
	archiveVersion = 1;
	classes = {
	};
	objectVersion = 46;
	objects = {

/* Begin PBXBuildFile section */
		1B3052AD1E981193002A3BBF /* AppDelegate.swift in Sources */ = {isa = PBXBuildFile; fileRef = 1B3052AC1E981193002A3BBF /* AppDelegate.swift */; };
		1B3052AF1E981193002A3BBF /* FaceViewController.swift in Sources */ = {isa = PBXBuildFile; fileRef = 1B3052AE1E981193002A3BBF /* FaceViewController.swift */; };
		1B3052B21E981193002A3BBF /* Main.storyboard in Resources */ = {isa = PBXBuildFile; fileRef = 1B3052B01E981193002A3BBF /* Main.storyboard */; };
		1B3052B41E981193002A3BBF /* Assets.xcassets in Resources */ = {isa = PBXBuildFile; fileRef = 1B3052B31E981193002A3BBF /* Assets.xcassets */; };
		1B3052B71E981193002A3BBF /* LaunchScreen.storyboard in Resources */ = {isa = PBXBuildFile; fileRef = 1B3052B51E981193002A3BBF /* LaunchScreen.storyboard */; };
		1B3052C01E98125E002A3BBF /* FaceView.swift in Sources */ = {isa = PBXBuildFile; fileRef = 1B3052BF1E98125E002A3BBF /* FaceView.swift */; };
		1B3052C21E981275002A3BBF /* FacialExpression.swift in Sources */ = {isa = PBXBuildFile; fileRef = 1B3052C11E981275002A3BBF /* FacialExpression.swift */; };
		1B3052C41E981444002A3BBF /* EmotionsViewController.swift in Sources */ = {isa = PBXBuildFile; fileRef = 1B3052C31E981444002A3BBF /* EmotionsViewController.swift */; };
/* End PBXBuildFile section */

/* Begin PBXFileReference section */
		1B3052A91E981193002A3BBF /* FaceIt.app */ = {isa = PBXFileReference; explicitFileType = wrapper.application; includeInIndex = 0; path = FaceIt.app; sourceTree = BUILT_PRODUCTS_DIR; };
		1B3052AC1E981193002A3BBF /* AppDelegate.swift */ = {isa = PBXFileReference; lastKnownFileType = sourcecode.swift; path = AppDelegate.swift; sourceTree = "<group>"; };
		1B3052AE1E981193002A3BBF /* FaceViewController.swift */ = {isa = PBXFileReference; lastKnownFileType = sourcecode.swift; path = FaceViewController.swift; sourceTree = "<group>"; };
		1B3052B11E981193002A3BBF /* Base */ = {isa = PBXFileReference; lastKnownFileType = file.storyboard; name = Base; path = Base.lproj/Main.storyboard; sourceTree = "<group>"; };
		1B3052B31E981193002A3BBF /* Assets.xcassets */ = {isa = PBXFileReference; lastKnownFileType = folder.assetcatalog; path = Assets.xcassets; sourceTree = "<group>"; };
		1B3052B61E981193002A3BBF /* Base */ = {isa = PBXFileReference; lastKnownFileType = file.storyboard; name = Base; path = Base.lproj/LaunchScreen.storyboard; sourceTree = "<group>"; };
		1B3052B81E981193002A3BBF /* Info.plist */ = {isa = PBXFileReference; lastKnownFileType = text.plist.xml; path = Info.plist; sourceTree = "<group>"; };
		1B3052BF1E98125E002A3BBF /* FaceView.swift */ = {isa = PBXFileReference; fileEncoding = 4; lastKnownFileType = sourcecode.swift; path = FaceView.swift; sourceTree = "<group>"; };
		1B3052C11E981275002A3BBF /* FacialExpression.swift */ = {isa = PBXFileReference; fileEncoding = 4; lastKnownFileType = sourcecode.swift; path = FacialExpression.swift; sourceTree = "<group>"; };
		1B3052C31E981444002A3BBF /* EmotionsViewController.swift */ = {isa = PBXFileReference; fileEncoding = 4; lastKnownFileType = sourcecode.swift; path = EmotionsViewController.swift; sourceTree = "<group>"; };
/* End PBXFileReference section */

/* Begin PBXFrameworksBuildPhase section */
		1B3052A61E981193002A3BBF /* Frameworks */ = {
			isa = PBXFrameworksBuildPhase;
			buildActionMask = 2147483647;
			files = (
			);
			runOnlyForDeploymentPostprocessing = 0;
		};
/* End PBXFrameworksBuildPhase section */

/* Begin PBXGroup section */
		1B3052A01E981193002A3BBF = {
			isa = PBXGroup;
			children = (
				1B3052AB1E981193002A3BBF /* FaceIt */,
				1B3052AA1E981193002A3BBF /* Products */,
			);
			sourceTree = "<group>";
		};
		1B3052AA1E981193002A3BBF /* Products */ = {
			isa = PBXGroup;
			children = (
				1B3052A91E981193002A3BBF /* FaceIt.app */,
			);
			name = Products;
			sourceTree = "<group>";
		};
		1B3052AB1E981193002A3BBF /* FaceIt */ = {
			isa = PBXGroup;
			children = (
				1B3052C31E981444002A3BBF /* EmotionsViewController.swift */,
				1B3052AE1E981193002A3BBF /* FaceViewController.swift */,
				1B3052BF1E98125E002A3BBF /* FaceView.swift */,
				1B3052C11E981275002A3BBF /* FacialExpression.swift */,
				1B3052B01E981193002A3BBF /* Main.storyboard */,
				1B3052BE1E98121F002A3BBF /* Supporting Files */,
			);
			path = FaceIt;
			sourceTree = "<group>";
		};
		1B3052BE1E98121F002A3BBF /* Supporting Files */ = {
			isa = PBXGroup;
			children = (
				1B3052AC1E981193002A3BBF /* AppDelegate.swift */,
				1B3052B31E981193002A3BBF /* Assets.xcassets */,
				1B3052B51E981193002A3BBF /* LaunchScreen.storyboard */,
				1B3052B81E981193002A3BBF /* Info.plist */,
			);
			name = "Supporting Files";
			sourceTree = "<group>";
		};
/* End PBXGroup section */

/* Begin PBXNativeTarget section */
		1B3052A81E981193002A3BBF /* FaceIt */ = {
			isa = PBXNativeTarget;
			buildConfigurationList = 1B3052BB1E981193002A3BBF /* Build configuration list for PBXNativeTarget "FaceIt" */;
			buildPhases = (
				1B3052A51E981193002A3BBF /* Sources */,
				1B3052A61E981193002A3BBF /* Frameworks */,
				1B3052A71E981193002A3BBF /* Resources */,
			);
			buildRules = (
			);
			dependencies = (
			);
			name = FaceIt;
			productName = FaceIt;
			productReference = 1B3052A91E981193002A3BBF /* FaceIt.app */;
			productType = "com.apple.product-type.application";
		};
/* End PBXNativeTarget section */

/* Begin PBXProject section */
		1B3052A11E981193002A3BBF /* Project object */ = {
			isa = PBXProject;
			attributes = {
				LastSwiftUpdateCheck = 0820;
				LastUpgradeCheck = 0820;
				ORGANIZATIONNAME = mvarxer;
				TargetAttributes = {
					1B3052A81E981193002A3BBF = {
						CreatedOnToolsVersion = 8.2.1;
						DevelopmentTeam = R68C9ZGXGD;
						ProvisioningStyle = Automatic;
					};
				};
			};
			buildConfigurationList = 1B3052A41E981193002A3BBF /* Build configuration list for PBXProject "FaceIt" */;
			compatibilityVersion = "Xcode 3.2";
			developmentRegion = English;
			hasScannedForEncodings = 0;
			knownRegions = (
				en,
				Base,
			);
			mainGroup = 1B3052A01E981193002A3BBF;
			productRefGroup = 1B3052AA1E981193002A3BBF /* Products */;
			projectDirPath = "";
			projectRoot = "";
			targets = (
				1B3052A81E981193002A3BBF /* FaceIt */,
			);
		};
/* End PBXProject section */

/* Begin PBXResourcesBuildPhase section */
		1B3052A71E981193002A3BBF /* Resources */ = {
			isa = PBXResourcesBuildPhase;
			buildActionMask = 2147483647;
			files = (
				1B3052B71E981193002A3BBF /* LaunchScreen.storyboard in Resources */,
				1B3052B41E981193002A3BBF /* Assets.xcassets in Resources */,
				1B3052B21E981193002A3BBF /* Main.storyboard in Resources */,
			);
			runOnlyForDeploymentPostprocessing = 0;
		};
/* End PBXResourcesBuildPhase section */

/* Begin PBXSourcesBuildPhase section */
		1B3052A51E981193002A3BBF /* Sources */ = {
			isa = PBXSourcesBuildPhase;
			buildActionMask = 2147483647;
			files = (
				1B3052AF1E981193002A3BBF /* FaceViewController.swift in Sources */,
				1B3052C21E981275002A3BBF /* FacialExpression.swift in Sources */,
				1B3052C41E981444002A3BBF /* EmotionsViewController.swift in Sources */,
				1B3052AD1E981193002A3BBF /* AppDelegate.swift in Sources */,
				1B3052C01E98125E002A3BBF /* FaceView.swift in Sources */,
			);
			runOnlyForDeploymentPostprocessing = 0;
		};
/* End PBXSourcesBuildPhase section */

/* Begin PBXVariantGroup section */
		1B3052B01E981193002A3BBF /* Main.storyboard */ = {
			isa = PBXVariantGroup;
			children = (
				1B3052B11E981193002A3BBF /* Base */,
			);
			name = Main.storyboard;
			sourceTree = "<group>";
		};
		1B3052B51E981193002A3BBF /* LaunchScreen.storyboard */ = {
			isa = PBXVariantGroup;
			children = (
				1B3052B61E981193002A3BBF /* Base */,
			);
			name = LaunchScreen.storyboard;
			sourceTree = "<group>";
		};
/* End PBXVariantGroup section */

/* Begin XCBuildConfiguration section */
		1B3052B91E981193002A3BBF /* Debug */ = {
			isa = XCBuildConfiguration;
			buildSettings = {
				ALWAYS_SEARCH_USER_PATHS = NO;
				CLANG_ANALYZER_NONNULL = YES;
				CLANG_CXX_LANGUAGE_STANDARD = "gnu++0x";
				CLANG_CXX_LIBRARY = "libc++";
				CLANG_ENABLE_MODULES = YES;
				CLANG_ENABLE_OBJC_ARC = YES;
				CLANG_WARN_BOOL_CONVERSION = YES;
				CLANG_WARN_CONSTANT_CONVERSION = YES;
				CLANG_WARN_DIRECT_OBJC_ISA_USAGE = YES_ERROR;
				CLANG_WARN_DOCUMENTATION_COMMENTS = YES;
				CLANG_WARN_EMPTY_BODY = YES;
				CLANG_WARN_ENUM_CONVERSION = YES;
				CLANG_WARN_INFINITE_RECURSION = YES;
				CLANG_WARN_INT_CONVERSION = YES;
				CLANG_WARN_OBJC_ROOT_CLASS = YES_ERROR;
				CLANG_WARN_SUSPICIOUS_MOVE = YES;
				CLANG_WARN_UNREACHABLE_CODE = YES;
				CLANG_WARN__DUPLICATE_METHOD_MATCH = YES;
				"CODE_SIGN_IDENTITY[sdk=iphoneos*]" = "iPhone Developer";
				COPY_PHASE_STRIP = NO;
				DEBUG_INFORMATION_FORMAT = dwarf;
				ENABLE_STRICT_OBJC_MSGSEND = YES;
				ENABLE_TESTABILITY = YES;
				GCC_C_LANGUAGE_STANDARD = gnu99;
				GCC_DYNAMIC_NO_PIC = NO;
				GCC_NO_COMMON_BLOCKS = YES;
				GCC_OPTIMIZATION_LEVEL = 0;
				GCC_PREPROCESSOR_DEFINITIONS = (
					"DEBUG=1",
					"$(inherited)",
				);
				GCC_WARN_64_TO_32_BIT_CONVERSION = YES;
				GCC_WARN_ABOUT_RETURN_TYPE = YES_ERROR;
				GCC_WARN_UNDECLARED_SELECTOR = YES;
				GCC_WARN_UNINITIALIZED_AUTOS = YES_AGGRESSIVE;
				GCC_WARN_UNUSED_FUNCTION = YES;
				GCC_WARN_UNUSED_VARIABLE = YES;
				IPHONEOS_DEPLOYMENT_TARGET = 10.2;
				MTL_ENABLE_DEBUG_INFO = YES;
				ONLY_ACTIVE_ARCH = YES;
				SDKROOT = iphoneos;
				SWIFT_ACTIVE_COMPILATION_CONDITIONS = DEBUG;
				SWIFT_OPTIMIZATION_LEVEL = "-Onone";
				TARGETED_DEVICE_FAMILY = "1,2";
			};
			name = Debug;
		};
		1B3052BA1E981193002A3BBF /* Release */ = {
			isa = XCBuildConfiguration;
			buildSettings = {
				ALWAYS_SEARCH_USER_PATHS = NO;
				CLANG_ANALYZER_NONNULL = YES;
				CLANG_CXX_LANGUAGE_STANDARD = "gnu++0x";
				CLANG_CXX_LIBRARY = "libc++";
				CLANG_ENABLE_MODULES = YES;
				CLANG_ENABLE_OBJC_ARC = YES;
				CLANG_WARN_BOOL_CONVERSION = YES;
				CLANG_WARN_CONSTANT_CONVERSION = YES;
				CLANG_WARN_DIRECT_OBJC_ISA_USAGE = YES_ERROR;
				CLANG_WARN_DOCUMENTATION_COMMENTS = YES;
				CLANG_WARN_EMPTY_BODY = YES;
				CLANG_WARN_ENUM_CONVERSION = YES;
				CLANG_WARN_INFINITE_RECURSION = YES;
				CLANG_WARN_INT_CONVERSION = YES;
				CLANG_WARN_OBJC_ROOT_CLASS = YES_ERROR;
				CLANG_WARN_SUSPICIOUS_MOVE = YES;
				CLANG_WARN_UNREACHABLE_CODE = YES;
				CLANG_WARN__DUPLICATE_METHOD_MATCH = YES;
				"CODE_SIGN_IDENTITY[sdk=iphoneos*]" = "iPhone Developer";
				COPY_PHASE_STRIP = NO;
				DEBUG_INFORMATION_FORMAT = "dwarf-with-dsym";
				ENABLE_NS_ASSERTIONS = NO;
				ENABLE_STRICT_OBJC_MSGSEND = YES;
				GCC_C_LANGUAGE_STANDARD = gnu99;
				GCC_NO_COMMON_BLOCKS = YES;
				GCC_WARN_64_TO_32_BIT_CONVERSION = YES;
				GCC_WARN_ABOUT_RETURN_TYPE = YES_ERROR;
				GCC_WARN_UNDECLARED_SELECTOR = YES;
				GCC_WARN_UNINITIALIZED_AUTOS = YES_AGGRESSIVE;
				GCC_WARN_UNUSED_FUNCTION = YES;
				GCC_WARN_UNUSED_VARIABLE = YES;
				IPHONEOS_DEPLOYMENT_TARGET = 10.2;
				MTL_ENABLE_DEBUG_INFO = NO;
				SDKROOT = iphoneos;
				SWIFT_OPTIMIZATION_LEVEL = "-Owholemodule";
				TARGETED_DEVICE_FAMILY = "1,2";
				VALIDATE_PRODUCT = YES;
			};
			name = Release;
		};
		1B3052BC1E981193002A3BBF /* Debug */ = {
			isa = XCBuildConfiguration;
			buildSettings = {
				ASSETCATALOG_COMPILER_APPICON_NAME = AppIcon;
				DEVELOPMENT_TEAM = R68C9ZGXGD;
				INFOPLIST_FILE = FaceIt/Info.plist;
				LD_RUNPATH_SEARCH_PATHS = "$(inherited) @executable_path/Frameworks";
				PRODUCT_BUNDLE_IDENTIFIER = home.com.FaceIt;
				PRODUCT_NAME = "$(TARGET_NAME)";
				SWIFT_VERSION = 3.0;
			};
			name = Debug;
		};
		1B3052BD1E981193002A3BBF /* Release */ = {
			isa = XCBuildConfiguration;
			buildSettings = {
				ASSETCATALOG_COMPILER_APPICON_NAME = AppIcon;
				DEVELOPMENT_TEAM = R68C9ZGXGD;
				INFOPLIST_FILE = FaceIt/Info.plist;
				LD_RUNPATH_SEARCH_PATHS = "$(inherited) @executable_path/Frameworks";
				PRODUCT_BUNDLE_IDENTIFIER = home.com.FaceIt;
				PRODUCT_NAME = "$(TARGET_NAME)";
				SWIFT_VERSION = 3.0;
			};
			name = Release;
		};
/* End XCBuildConfiguration section */

/* Begin XCConfigurationList section */
		1B3052A41E981193002A3BBF /* Build configuration list for PBXProject "FaceIt" */ = {
			isa = XCConfigurationList;
			buildConfigurations = (
				1B3052B91E981193002A3BBF /* Debug */,
				1B3052BA1E981193002A3BBF /* Release */,
			);
			defaultConfigurationIsVisible = 0;
			defaultConfigurationName = Release;
		};
		1B3052BB1E981193002A3BBF /* Build configuration list for PBXNativeTarget "FaceIt" */ = {
			isa = XCConfigurationList;
			buildConfigurations = (
				1B3052BC1E981193002A3BBF /* Debug */,
				1B3052BD1E981193002A3BBF /* Release */,
			);
			defaultConfigurationIsVisible = 0;
		};
/* End XCConfigurationList section */
	};
	rootObject = 1B3052A11E981193002A3BBF /* Project object */;
}
